
Microsoft Visual Studio Solution File, Format Version 11.00
# Visual Studio 2010
Project("{FAE04EC0-301F-11D3-BF4B-00C04F79EFBC}") = "Assembly-CSharp", "Assembly-CSharp.csproj", "{816f89fd-1df8-007a-f83c-21fa8b32e24d}"
EndProject
Project("{FAE04EC0-301F-11D3-BF4B-00C04F79EFBC}") = "Assembly-CSharp-Editor", "Assembly-CSharp-Editor.csproj", "{bdf79d19-1888-e91c-28d9-6da3900b67db}"
EndProject
Global
	GlobalSection(SolutionConfigurationPlatforms) = preSolution
		Debug|Any CPU = Debug|Any CPU
	EndGlobalSection
	GlobalSection(ProjectConfigurationPlatforms) = postSolution
		{816f89fd-1df8-007a-f83c-21fa8b32e24d}.Debug|Any CPU.ActiveCfg = Debug|Any CPU
		{816f89fd-1df8-007a-f83c-21fa8b32e24d}.Debug|Any CPU.Build.0 = Debug|Any CPU
		{bdf79d19-1888-e91c-28d9-6da3900b67db}.Debug|Any CPU.ActiveCfg = Debug|Any CPU
		{bdf79d19-1888-e91c-28d9-6da3900b67db}.Debug|Any CPU.Build.0 = Debug|Any CPU
	EndGlobalSection
	GlobalSection(SolutionProperties) = preSolution
		HideSolutionNode = FALSE
	EndGlobalSection
EndGlobal
