
Microsoft Visual Studio Solution File, Format Version 11.00
# Visual Studio 2010
Project("{FAE04EC0-301F-11D3-BF4B-00C04F79EFBC}") = "Assembly-CSharp", "Assembly-CSharp.csproj", "{d154bbec-b791-c916-ecc2-0aad1dedeb27}"
EndProject
Project("{FAE04EC0-301F-11D3-BF4B-00C04F79EFBC}") = "Assembly-CSharp-Editor", "Assembly-CSharp-Editor.csproj", "{977cbc64-5265-757b-14ee-8c5c16a6100a}"
EndProject
Global
	GlobalSection(SolutionConfigurationPlatforms) = preSolution
		Debug|Any CPU = Debug|Any CPU
	EndGlobalSection
	GlobalSection(ProjectConfigurationPlatforms) = postSolution
		{d154bbec-b791-c916-ecc2-0aad1dedeb27}.Debug|Any CPU.ActiveCfg = Debug|Any CPU
		{d154bbec-b791-c916-ecc2-0aad1dedeb27}.Debug|Any CPU.Build.0 = Debug|Any CPU
		{977cbc64-5265-757b-14ee-8c5c16a6100a}.Debug|Any CPU.ActiveCfg = Debug|Any CPU
		{977cbc64-5265-757b-14ee-8c5c16a6100a}.Debug|Any CPU.Build.0 = Debug|Any CPU
	EndGlobalSection
	GlobalSection(SolutionProperties) = preSolution
		HideSolutionNode = FALSE
	EndGlobalSection
EndGlobal
